{
    "_readme": [
        "This file locks the dependencies of your project to a known state",
        "Read more about it at https://getcomposer.org/doc/01-basic-usage.md#installing-dependencies",
        "This file is @generated automatically"
    ],
    "content-hash": "1a2cfaeaae3781dbf2f8f2894c12cb23",
    "packages": [
        {
            "name": "ddn/sapp",
            "version": "dev-main",
            "source": {
                "type": "git",
                "url": "https://github.com/dealfonso/sapp.git",
                "reference": "61960ae449be7b86d47a625bab625b26db8e6ee3"
            },
            "dist": {
                "type": "zip",
                "url": "https://api.github.com/repos/dealfonso/sapp/zipball/61960ae449be7b86d47a625bab625b26db8e6ee3",
                "reference": "61960ae449be7b86d47a625bab625b26db8e6ee3",
                "shasum": ""
            },
            "require": {
                "php": ">=7.4"
            },
            "default-branch": true,
            "type": "library",
            "autoload": {
                "psr-4": {
                    "ddn\\sapp\\": "src/"
                }
            },
            "notification-url": "https://packagist.org/downloads/",
            "license": [
                "LGPL-3.0-or-later"
            ],
            "authors": [
                {
                    "name": "Carlos A.",
                    "email": "caralla@upv.es"
                }
            ],
            "description": "Simple and Agnostic PDF Parser (SAPP): Edit, manipulate and sign PDF documents usign PHP",
            "support": {
                "issues": "https://github.com/dealfonso/sapp/issues",
                "source": "https://github.com/dealfonso/sapp/tree/main"
            },
            "funding": [
                {
                    "url": "https://paypal.me/caralla",
                    "type": "custom"
                }
            ],
            "time": "2022-11-09T08:43:37+00:00"
        }
    ],
    "packages-dev": [],
    "aliases": [],
    "minimum-stability": "stable",
    "stability-flags": {
        "ddn/sapp": 20
    },
    "prefer-stable": false,
    "prefer-lowest": false,
    "platform": [],
    "platform-dev": [],
    "plugin-api-version": "2.3.0"
}
